// !$*UTF8*$!
{
	archiveVersion = 1;
	classes = {
	};
	objectVersion = 51;
	objects = {

/* Begin PBXBuildFile section */
		3450E4112558BC070023BF0D /* CustomTableViewCell.swift in Sources */ = {isa = PBXBuildFile; fileRef = 3450E40F2558BC070023BF0D /* CustomTableViewCell.swift */; };
		3450E4122558BC070023BF0D /* CustomTableViewCell.xib in Resources */ = {isa = PBXBuildFile; fileRef = 3450E4102558BC070023BF0D /* CustomTableViewCell.xib */; };
		347F0AE42555A617005D60BC /* AppDelegate.swift in Sources */ = {isa = PBXBuildFile; fileRef = 347F0AE32555A617005D60BC /* AppDelegate.swift */; };
		347F0AE62555A617005D60BC /* SceneDelegate.swift in Sources */ = {isa = PBXBuildFile; fileRef = 347F0AE52555A617005D60BC /* SceneDelegate.swift */; };
		347F0AE82555A617005D60BC /* ViewController.swift in Sources */ = {isa = PBXBuildFile; fileRef = 347F0AE72555A617005D60BC /* ViewController.swift */; };
		347F0AEB2555A617005D60BC /* Main.storyboard in Resources */ = {isa = PBXBuildFile; fileRef = 347F0AE92555A617005D60BC /* Main.storyboard */; };
		347F0AED2555A618005D60BC /* Assets.xcassets in Resources */ = {isa = PBXBuildFile; fileRef = 347F0AEC2555A618005D60BC /* Assets.xcassets */; };
		347F0AF02555A618005D60BC /* LaunchScreen.storyboard in Resources */ = {isa = PBXBuildFile; fileRef = 347F0AEE2555A618005D60BC /* LaunchScreen.storyboard */; };
		347F0B172555A939005D60BC /* DetailViewController.swift in Sources */ = {isa = PBXBuildFile; fileRef = 347F0B162555A939005D60BC /* DetailViewController.swift */; };
		347F0B352555B6AB005D60BC /* ViewModel.swift in Sources */ = {isa = PBXBuildFile; fileRef = 347F0B342555B6AB005D60BC /* ViewModel.swift */; };
		347F0B3A2555B7E5005D60BC /* Model.swift in Sources */ = {isa = PBXBuildFile; fileRef = 347F0B392555B7E5005D60BC /* Model.swift */; };
		34D4CD05257AEB860002F8B7 /* Constants.swift in Sources */ = {isa = PBXBuildFile; fileRef = 34D4CD04257AEB860002F8B7 /* Constants.swift */; };
		34D4CD12257AEDF40002F8B7 /* PopularViewModel.swift in Sources */ = {isa = PBXBuildFile; fileRef = 34D4CD11257AEDF40002F8B7 /* PopularViewModel.swift */; };
		34D4CD2E257B25E20002F8B7 /* MyExtensions.swift in Sources */ = {isa = PBXBuildFile; fileRef = 34D4CD2D257B25E20002F8B7 /* MyExtensions.swift */; };
		34D4CD5A257B2E410002F8B7 /* NowPlayingMoviesTests.swift in Sources */ = {isa = PBXBuildFile; fileRef = 34D4CD59257B2E410002F8B7 /* NowPlayingMoviesTests.swift */; };
		34D4CD62257B2E6A0002F8B7 /* PopularMoviesTests.swift in Sources */ = {isa = PBXBuildFile; fileRef = 34D4CD61257B2E6A0002F8B7 /* PopularMoviesTests.swift */; };
		34E1A9DC2556463F009806EA /* APIhandler.swift in Sources */ = {isa = PBXBuildFile; fileRef = 34E1A9DB2556463F009806EA /* APIhandler.swift */; };
		34E5AD4A25579E27006762AC /* CollectionViewCell.swift in Sources */ = {isa = PBXBuildFile; fileRef = 34E5AD4925579E27006762AC /* CollectionViewCell.swift */; };
		34E5AD4F25579E33006762AC /* CollectionViewCell.xib in Resources */ = {isa = PBXBuildFile; fileRef = 34E5AD4E25579E33006762AC /* CollectionViewCell.xib */; };
/* End PBXBuildFile section */

/* Begin PBXContainerItemProxy section */
		34D4CD52257B2DD40002F8B7 /* PBXContainerItemProxy */ = {
			isa = PBXContainerItemProxy;
			containerPortal = 347F0AD82555A617005D60BC /* Project object */;
			proxyType = 1;
			remoteGlobalIDString = 347F0ADF2555A617005D60BC;
			remoteInfo = HorizontalCollectionView;
		};
/* End PBXContainerItemProxy section */

/* Begin PBXFileReference section */
		307F1FF4CF1CFD2E5274F8E9 /* Pods-HorizontalCollectionView.release.xcconfig */ = {isa = PBXFileReference; includeInIndex = 1; lastKnownFileType = text.xcconfig; name = "Pods-HorizontalCollectionView.release.xcconfig"; path = "Target Support Files/Pods-HorizontalCollectionView/Pods-HorizontalCollectionView.release.xcconfig"; sourceTree = "<group>"; };
		3450E40F2558BC070023BF0D /* CustomTableViewCell.swift */ = {isa = PBXFileReference; lastKnownFileType = sourcecode.swift; path = CustomTableViewCell.swift; sourceTree = "<group>"; };
		3450E4102558BC070023BF0D /* CustomTableViewCell.xib */ = {isa = PBXFileReference; lastKnownFileType = file.xib; path = CustomTableViewCell.xib; sourceTree = "<group>"; };
		347F0AE02555A617005D60BC /* HorizontalCollectionView.app */ = {isa = PBXFileReference; explicitFileType = wrapper.application; includeInIndex = 0; path = HorizontalCollectionView.app; sourceTree = BUILT_PRODUCTS_DIR; };
		347F0AE32555A617005D60BC /* AppDelegate.swift */ = {isa = PBXFileReference; lastKnownFileType = sourcecode.swift; path = AppDelegate.swift; sourceTree = "<group>"; };
		347F0AE52555A617005D60BC /* SceneDelegate.swift */ = {isa = PBXFileReference; lastKnownFileType = sourcecode.swift; path = SceneDelegate.swift; sourceTree = "<group>"; };
		347F0AE72555A617005D60BC /* ViewController.swift */ = {isa = PBXFileReference; lastKnownFileType = sourcecode.swift; path = ViewController.swift; sourceTree = "<group>"; };
		347F0AEA2555A617005D60BC /* Base */ = {isa = PBXFileReference; lastKnownFileType = file.storyboard; name = Base; path = Base.lproj/Main.storyboard; sourceTree = "<group>"; };
		347F0AEC2555A618005D60BC /* Assets.xcassets */ = {isa = PBXFileReference; lastKnownFileType = folder.assetcatalog; path = Assets.xcassets; sourceTree = "<group>"; };
		347F0AEF2555A618005D60BC /* Base */ = {isa = PBXFileReference; lastKnownFileType = file.storyboard; name = Base; path = Base.lproj/LaunchScreen.storyboard; sourceTree = "<group>"; };
		347F0AF12555A618005D60BC /* Info.plist */ = {isa = PBXFileReference; lastKnownFileType = text.plist.xml; path = Info.plist; sourceTree = "<group>"; };
		347F0B162555A939005D60BC /* DetailViewController.swift */ = {isa = PBXFileReference; lastKnownFileType = sourcecode.swift; path = DetailViewController.swift; sourceTree = "<group>"; };
		347F0B342555B6AB005D60BC /* ViewModel.swift */ = {isa = PBXFileReference; lastKnownFileType = sourcecode.swift; path = ViewModel.swift; sourceTree = "<group>"; };
		347F0B392555B7E5005D60BC /* Model.swift */ = {isa = PBXFileReference; lastKnownFileType = sourcecode.swift; path = Model.swift; sourceTree = "<group>"; };
		34D4CD04257AEB860002F8B7 /* Constants.swift */ = {isa = PBXFileReference; lastKnownFileType = sourcecode.swift; path = Constants.swift; sourceTree = "<group>"; };
		34D4CD11257AEDF40002F8B7 /* PopularViewModel.swift */ = {isa = PBXFileReference; lastKnownFileType = sourcecode.swift; path = PopularViewModel.swift; sourceTree = "<group>"; };
		34D4CD2D257B25E20002F8B7 /* MyExtensions.swift */ = {isa = PBXFileReference; lastKnownFileType = sourcecode.swift; path = MyExtensions.swift; sourceTree = "<group>"; };
		34D4CD4D257B2DD40002F8B7 /* HorizontalCollectionViewTests.xctest */ = {isa = PBXFileReference; explicitFileType = wrapper.cfbundle; includeInIndex = 0; path = HorizontalCollectionViewTests.xctest; sourceTree = BUILT_PRODUCTS_DIR; };
		34D4CD51257B2DD40002F8B7 /* Info.plist */ = {isa = PBXFileReference; lastKnownFileType = text.plist.xml; path = Info.plist; sourceTree = "<group>"; };
		34D4CD59257B2E410002F8B7 /* NowPlayingMoviesTests.swift */ = {isa = PBXFileReference; lastKnownFileType = sourcecode.swift; path = NowPlayingMoviesTests.swift; sourceTree = "<group>"; };
		34D4CD61257B2E6A0002F8B7 /* PopularMoviesTests.swift */ = {isa = PBXFileReference; lastKnownFileType = sourcecode.swift; path = PopularMoviesTests.swift; sourceTree = "<group>"; };
		34E1A9DB2556463F009806EA /* APIhandler.swift */ = {isa = PBXFileReference; fileEncoding = 4; lastKnownFileType = sourcecode.swift; path = APIhandler.swift; sourceTree = "<group>"; };
		34E5AD4925579E27006762AC /* CollectionViewCell.swift */ = {isa = PBXFileReference; fileEncoding = 4; lastKnownFileType = sourcecode.swift; path = CollectionViewCell.swift; sourceTree = "<group>"; };
		34E5AD4E25579E33006762AC /* CollectionViewCell.xib */ = {isa = PBXFileReference; fileEncoding = 4; lastKnownFileType = file.xib; path = CollectionViewCell.xib; sourceTree = "<group>"; };
		614BFCDB4F66618C1B932FBC /* Pods-HorizontalCollectionViewTests.debug.xcconfig */ = {isa = PBXFileReference; includeInIndex = 1; lastKnownFileType = text.xcconfig; name = "Pods-HorizontalCollectionViewTests.debug.xcconfig"; path = "Target Support Files/Pods-HorizontalCollectionViewTests/Pods-HorizontalCollectionViewTests.debug.xcconfig"; sourceTree = "<group>"; };
		A8EEF2CB51FEB3345FCC7B74 /* Pods-HorizontalCollectionView.debug.xcconfig */ = {isa = PBXFileReference; includeInIndex = 1; lastKnownFileType = text.xcconfig; name = "Pods-HorizontalCollectionView.debug.xcconfig"; path = "Target Support Files/Pods-HorizontalCollectionView/Pods-HorizontalCollectionView.debug.xcconfig"; sourceTree = "<group>"; };
		BEBB1BCA11C6C9F787D160EF /* Pods-HorizontalCollectionViewTests.release.xcconfig */ = {isa = PBXFileReference; includeInIndex = 1; lastKnownFileType = text.xcconfig; name = "Pods-HorizontalCollectionViewTests.release.xcconfig"; path = "Target Support Files/Pods-HorizontalCollectionViewTests/Pods-HorizontalCollectionViewTests.release.xcconfig"; sourceTree = "<group>"; };
		C29445A448CCED8E203F87D1 /* Pods-HorizontalCollectionView-HorizontalCollectionViewUITests.release.xcconfig */ = {isa = PBXFileReference; includeInIndex = 1; lastKnownFileType = text.xcconfig; name = "Pods-HorizontalCollectionView-HorizontalCollectionViewUITests.release.xcconfig"; path = "Target Support Files/Pods-HorizontalCollectionView-HorizontalCollectionViewUITests/Pods-HorizontalCollectionView-HorizontalCollectionViewUITests.release.xcconfig"; sourceTree = "<group>"; };
		C5942499C38EF3910AD02F58 /* Pods-HorizontalCollectionView-HorizontalCollectionViewUITests.debug.xcconfig */ = {isa = PBXFileReference; includeInIndex = 1; lastKnownFileType = text.xcconfig; name = "Pods-HorizontalCollectionView-HorizontalCollectionViewUITests.debug.xcconfig"; path = "Target Support Files/Pods-HorizontalCollectionView-HorizontalCollectionViewUITests/Pods-HorizontalCollectionView-HorizontalCollectionViewUITests.debug.xcconfig"; sourceTree = "<group>"; };
/* End PBXFileReference section */

/* Begin PBXFrameworksBuildPhase section */
		347F0ADD2555A617005D60BC /* Frameworks */ = {
			isa = PBXFrameworksBuildPhase;
			buildActionMask = 2147483647;
			files = (
			);
			runOnlyForDeploymentPostprocessing = 0;
		};
		34D4CD4A257B2DD40002F8B7 /* Frameworks */ = {
			isa = PBXFrameworksBuildPhase;
			buildActionMask = 2147483647;
			files = (
			);
			runOnlyForDeploymentPostprocessing = 0;
		};
/* End PBXFrameworksBuildPhase section */

/* Begin PBXGroup section */
		345B77A1255AF280008E4FF9 /* View Controllers */ = {
			isa = PBXGroup;
			children = (
				347F0AE72555A617005D60BC /* ViewController.swift */,
				347F0B162555A939005D60BC /* DetailViewController.swift */,
			);
			path = "View Controllers";
			sourceTree = "<group>";
		};
		345B77A2255AF2A1008E4FF9 /* CustomCells */ = {
			isa = PBXGroup;
			children = (
				3450E40F2558BC070023BF0D /* CustomTableViewCell.swift */,
				3450E4102558BC070023BF0D /* CustomTableViewCell.xib */,
				34E5AD4925579E27006762AC /* CollectionViewCell.swift */,
				34E5AD4E25579E33006762AC /* CollectionViewCell.xib */,
			);
			path = CustomCells;
			sourceTree = "<group>";
		};
		345B77A3255AF2D4008E4FF9 /* View Models */ = {
			isa = PBXGroup;
			children = (
				347F0B342555B6AB005D60BC /* ViewModel.swift */,
				34D4CD11257AEDF40002F8B7 /* PopularViewModel.swift */,
			);
			path = "View Models";
			sourceTree = "<group>";
		};
		345B77A4255AF2E9008E4FF9 /* Network Managers */ = {
			isa = PBXGroup;
			children = (
				34E1A9DB2556463F009806EA /* APIhandler.swift */,
			);
			path = "Network Managers";
			sourceTree = "<group>";
		};
		345B77A5255AF2FE008E4FF9 /* Models */ = {
			isa = PBXGroup;
			children = (
				347F0B392555B7E5005D60BC /* Model.swift */,
			);
			path = Models;
			sourceTree = "<group>";
		};
		345B77A9255AF3E2008E4FF9 /* Storyboard */ = {
			isa = PBXGroup;
			children = (
				347F0AE92555A617005D60BC /* Main.storyboard */,
				347F0AEE2555A618005D60BC /* LaunchScreen.storyboard */,
			);
			path = Storyboard;
			sourceTree = "<group>";
		};
		347F0AD72555A617005D60BC = {
			isa = PBXGroup;
			children = (
				347F0AE22555A617005D60BC /* HorizontalCollectionView */,
				34D4CD4E257B2DD40002F8B7 /* HorizontalCollectionViewTests */,
				347F0AE12555A617005D60BC /* Products */,
				B3CD9131C1709357BEA0F5DD /* Pods */,
			);
			sourceTree = "<group>";
		};
		347F0AE12555A617005D60BC /* Products */ = {
			isa = PBXGroup;
			children = (
				347F0AE02555A617005D60BC /* HorizontalCollectionView.app */,
				34D4CD4D257B2DD40002F8B7 /* HorizontalCollectionViewTests.xctest */,
			);
			name = Products;
			sourceTree = "<group>";
		};
		347F0AE22555A617005D60BC /* HorizontalCollectionView */ = {
			isa = PBXGroup;
			children = (
				347F0AE32555A617005D60BC /* AppDelegate.swift */,
				347F0AE52555A617005D60BC /* SceneDelegate.swift */,
				347F0AF12555A618005D60BC /* Info.plist */,
				347F0AEC2555A618005D60BC /* Assets.xcassets */,
				34D4CD03257AEB640002F8B7 /* Constants */,
				345B77A1255AF280008E4FF9 /* View Controllers */,
				345B77A2255AF2A1008E4FF9 /* CustomCells */,
				345B77A3255AF2D4008E4FF9 /* View Models */,
				345B77A4255AF2E9008E4FF9 /* Network Managers */,
				345B77A5255AF2FE008E4FF9 /* Models */,
				34D4CD2C257B25BB0002F8B7 /* Extensions */,
				345B77A9255AF3E2008E4FF9 /* Storyboard */,
			);
			path = HorizontalCollectionView;
			sourceTree = "<group>";
		};
		34D4CD03257AEB640002F8B7 /* Constants */ = {
			isa = PBXGroup;
			children = (
				34D4CD04257AEB860002F8B7 /* Constants.swift */,
			);
			path = Constants;
			sourceTree = "<group>";
		};
		34D4CD2C257B25BB0002F8B7 /* Extensions */ = {
			isa = PBXGroup;
			children = (
				34D4CD2D257B25E20002F8B7 /* MyExtensions.swift */,
			);
			path = Extensions;
			sourceTree = "<group>";
		};
		34D4CD4E257B2DD40002F8B7 /* HorizontalCollectionViewTests */ = {
			isa = PBXGroup;
			children = (
				34D4CD59257B2E410002F8B7 /* NowPlayingMoviesTests.swift */,
				34D4CD61257B2E6A0002F8B7 /* PopularMoviesTests.swift */,
				34D4CD51257B2DD40002F8B7 /* Info.plist */,
			);
			path = HorizontalCollectionViewTests;
			sourceTree = "<group>";
		};
		B3CD9131C1709357BEA0F5DD /* Pods */ = {
			isa = PBXGroup;
			children = (
				A8EEF2CB51FEB3345FCC7B74 /* Pods-HorizontalCollectionView.debug.xcconfig */,
				307F1FF4CF1CFD2E5274F8E9 /* Pods-HorizontalCollectionView.release.xcconfig */,
				C5942499C38EF3910AD02F58 /* Pods-HorizontalCollectionView-HorizontalCollectionViewUITests.debug.xcconfig */,
				C29445A448CCED8E203F87D1 /* Pods-HorizontalCollectionView-HorizontalCollectionViewUITests.release.xcconfig */,
				614BFCDB4F66618C1B932FBC /* Pods-HorizontalCollectionViewTests.debug.xcconfig */,
				BEBB1BCA11C6C9F787D160EF /* Pods-HorizontalCollectionViewTests.release.xcconfig */,
			);
			path = Pods;
			sourceTree = "<group>";
		};
/* End PBXGroup section */

/* Begin PBXNativeTarget section */
		347F0ADF2555A617005D60BC /* HorizontalCollectionView */ = {
			isa = PBXNativeTarget;
			buildConfigurationList = 347F0B0A2555A619005D60BC /* Build configuration list for PBXNativeTarget "HorizontalCollectionView" */;
			buildPhases = (
				C67DA243943BE87E5A116A2A /* [CP] Check Pods Manifest.lock */,
				347F0ADC2555A617005D60BC /* Sources */,
				347F0ADD2555A617005D60BC /* Frameworks */,
				347F0ADE2555A617005D60BC /* Resources */,
				9753CA7F3C3890D233DA3826 /* [CP] Embed Pods Frameworks */,
			);
			buildRules = (
			);
			dependencies = (
			);
			name = HorizontalCollectionView;
			productName = HorizontalCollectionView;
			productReference = 347F0AE02555A617005D60BC /* HorizontalCollectionView.app */;
			productType = "com.apple.product-type.application";
		};
		34D4CD4C257B2DD40002F8B7 /* HorizontalCollectionViewTests */ = {
			isa = PBXNativeTarget;
			buildConfigurationList = 34D4CD54257B2DD40002F8B7 /* Build configuration list for PBXNativeTarget "HorizontalCollectionViewTests" */;
			buildPhases = (
				34D4CD49257B2DD40002F8B7 /* Sources */,
				34D4CD4A257B2DD40002F8B7 /* Frameworks */,
				34D4CD4B257B2DD40002F8B7 /* Resources */,
			);
			buildRules = (
			);
			dependencies = (
				34D4CD53257B2DD40002F8B7 /* PBXTargetDependency */,
			);
			name = HorizontalCollectionViewTests;
			productName = HorizontalCollectionViewTests;
			productReference = 34D4CD4D257B2DD40002F8B7 /* HorizontalCollectionViewTests.xctest */;
			productType = "com.apple.product-type.bundle.unit-test";
		};
/* End PBXNativeTarget section */

/* Begin PBXProject section */
		347F0AD82555A617005D60BC /* Project object */ = {
			isa = PBXProject;
			attributes = {
				LastSwiftUpdateCheck = 1220;
				LastUpgradeCheck = 1210;
				TargetAttributes = {
					347F0ADF2555A617005D60BC = {
						CreatedOnToolsVersion = 12.1;
					};
					34D4CD4C257B2DD40002F8B7 = {
						CreatedOnToolsVersion = 12.2;
						TestTargetID = 347F0ADF2555A617005D60BC;
					};
				};
			};
			buildConfigurationList = 347F0ADB2555A617005D60BC /* Build configuration list for PBXProject "HorizontalCollectionView" */;
			compatibilityVersion = "Xcode 9.3";
			developmentRegion = en;
			hasScannedForEncodings = 0;
			knownRegions = (
				en,
				Base,
			);
			mainGroup = 347F0AD72555A617005D60BC;
			productRefGroup = 347F0AE12555A617005D60BC /* Products */;
			projectDirPath = "";
			projectRoot = "";
			targets = (
				347F0ADF2555A617005D60BC /* HorizontalCollectionView */,
				34D4CD4C257B2DD40002F8B7 /* HorizontalCollectionViewTests */,
			);
		};
/* End PBXProject section */

/* Begin PBXResourcesBuildPhase section */
		347F0ADE2555A617005D60BC /* Resources */ = {
			isa = PBXResourcesBuildPhase;
			buildActionMask = 2147483647;
			files = (
				347F0AF02555A618005D60BC /* LaunchScreen.storyboard in Resources */,
				347F0AED2555A618005D60BC /* Assets.xcassets in Resources */,
				3450E4122558BC070023BF0D /* CustomTableViewCell.xib in Resources */,
				347F0AEB2555A617005D60BC /* Main.storyboard in Resources */,
				34E5AD4F25579E33006762AC /* CollectionViewCell.xib in Resources */,
			);
			runOnlyForDeploymentPostprocessing = 0;
		};
		34D4CD4B257B2DD40002F8B7 /* Resources */ = {
			isa = PBXResourcesBuildPhase;
			buildActionMask = 2147483647;
			files = (
			);
			runOnlyForDeploymentPostprocessing = 0;
		};
/* End PBXResourcesBuildPhase section */

/* Begin PBXShellScriptBuildPhase section */
		9753CA7F3C3890D233DA3826 /* [CP] Embed Pods Frameworks */ = {
			isa = PBXShellScriptBuildPhase;
			buildActionMask = 2147483647;
			files = (
			);
			inputFileListPaths = (
				"${PODS_ROOT}/Target Support Files/Pods-HorizontalCollectionView/Pods-HorizontalCollectionView-frameworks-${CONFIGURATION}-input-files.xcfilelist",
			);
			name = "[CP] Embed Pods Frameworks";
			outputFileListPaths = (
				"${PODS_ROOT}/Target Support Files/Pods-HorizontalCollectionView/Pods-HorizontalCollectionView-frameworks-${CONFIGURATION}-output-files.xcfilelist",
			);
			runOnlyForDeploymentPostprocessing = 0;
			shellPath = /bin/sh;
			shellScript = "\"${PODS_ROOT}/Target Support Files/Pods-HorizontalCollectionView/Pods-HorizontalCollectionView-frameworks.sh\"\n";
			showEnvVarsInLog = 0;
		};
		C67DA243943BE87E5A116A2A /* [CP] Check Pods Manifest.lock */ = {
			isa = PBXShellScriptBuildPhase;
			buildActionMask = 2147483647;
			files = (
			);
			inputFileListPaths = (
			);
			inputPaths = (
				"${PODS_PODFILE_DIR_PATH}/Podfile.lock",
				"${PODS_ROOT}/Manifest.lock",
			);
			name = "[CP] Check Pods Manifest.lock";
			outputFileListPaths = (
			);
			outputPaths = (
				"$(DERIVED_FILE_DIR)/Pods-HorizontalCollectionView-checkManifestLockResult.txt",
			);
			runOnlyForDeploymentPostprocessing = 0;
			shellPath = /bin/sh;
			shellScript = "diff \"${PODS_PODFILE_DIR_PATH}/Podfile.lock\" \"${PODS_ROOT}/Manifest.lock\" > /dev/null\nif [ $? != 0 ] ; then\n    # print error to STDERR\n    echo \"error: The sandbox is not in sync with the Podfile.lock. Run 'pod install' or update your CocoaPods installation.\" >&2\n    exit 1\nfi\n# This output is used by Xcode 'outputs' to avoid re-running this script phase.\necho \"SUCCESS\" > \"${SCRIPT_OUTPUT_FILE_0}\"\n";
			showEnvVarsInLog = 0;
		};
/* End PBXShellScriptBuildPhase section */

/* Begin PBXSourcesBuildPhase section */
		347F0ADC2555A617005D60BC /* Sources */ = {
			isa = PBXSourcesBuildPhase;
			buildActionMask = 2147483647;
			files = (
				34D4CD12257AEDF40002F8B7 /* PopularViewModel.swift in Sources */,
				347F0B3A2555B7E5005D60BC /* Model.swift in Sources */,
				34D4CD05257AEB860002F8B7 /* Constants.swift in Sources */,
				34E1A9DC2556463F009806EA /* APIhandler.swift in Sources */,
				34E5AD4A25579E27006762AC /* CollectionViewCell.swift in Sources */,
				347F0AE82555A617005D60BC /* ViewController.swift in Sources */,
				34D4CD2E257B25E20002F8B7 /* MyExtensions.swift in Sources */,
				347F0AE42555A617005D60BC /* AppDelegate.swift in Sources */,
				3450E4112558BC070023BF0D /* CustomTableViewCell.swift in Sources */,
				347F0AE62555A617005D60BC /* SceneDelegate.swift in Sources */,
				347F0B352555B6AB005D60BC /* ViewModel.swift in Sources */,
				347F0B172555A939005D60BC /* DetailViewController.swift in Sources */,
			);
			runOnlyForDeploymentPostprocessing = 0;
		};
		34D4CD49257B2DD40002F8B7 /* Sources */ = {
			isa = PBXSourcesBuildPhase;
			buildActionMask = 2147483647;
			files = (
				34D4CD62257B2E6A0002F8B7 /* PopularMoviesTests.swift in Sources */,
				34D4CD5A257B2E410002F8B7 /* NowPlayingMoviesTests.swift in Sources */,
			);
			runOnlyForDeploymentPostprocessing = 0;
		};
/* End PBXSourcesBuildPhase section */

/* Begin PBXTargetDependency section */
		34D4CD53257B2DD40002F8B7 /* PBXTargetDependency */ = {
			isa = PBXTargetDependency;
			target = 347F0ADF2555A617005D60BC /* HorizontalCollectionView */;
			targetProxy = 34D4CD52257B2DD40002F8B7 /* PBXContainerItemProxy */;
		};
/* End PBXTargetDependency section */

/* Begin PBXVariantGroup section */
		347F0AE92555A617005D60BC /* Main.storyboard */ = {
			isa = PBXVariantGroup;
			children = (
				347F0AEA2555A617005D60BC /* Base */,
			);
			name = Main.storyboard;
			sourceTree = "<group>";
		};
		347F0AEE2555A618005D60BC /* LaunchScreen.storyboard */ = {
			isa = PBXVariantGroup;
			children = (
				347F0AEF2555A618005D60BC /* Base */,
			);
			name = LaunchScreen.storyboard;
			sourceTree = "<group>";
		};
/* End PBXVariantGroup section */

/* Begin XCBuildConfiguration section */
		347F0B082555A619005D60BC /* Debug */ = {
			isa = XCBuildConfiguration;
			buildSettings = {
				ALWAYS_SEARCH_USER_PATHS = NO;
				CLANG_ANALYZER_NONNULL = YES;
				CLANG_ANALYZER_NUMBER_OBJECT_CONVERSION = YES_AGGRESSIVE;
				CLANG_CXX_LANGUAGE_STANDARD = "gnu++14";
				CLANG_CXX_LIBRARY = "libc++";
				CLANG_ENABLE_MODULES = YES;
				CLANG_ENABLE_OBJC_ARC = YES;
				CLANG_ENABLE_OBJC_WEAK = YES;
				CLANG_WARN_BLOCK_CAPTURE_AUTORELEASING = YES;
				CLANG_WARN_BOOL_CONVERSION = YES;
				CLANG_WARN_COMMA = YES;
				CLANG_WARN_CONSTANT_CONVERSION = YES;
				CLANG_WARN_DEPRECATED_OBJC_IMPLEMENTATIONS = YES;
				CLANG_WARN_DIRECT_OBJC_ISA_USAGE = YES_ERROR;
				CLANG_WARN_DOCUMENTATION_COMMENTS = YES;
				CLANG_WARN_EMPTY_BODY = YES;
				CLANG_WARN_ENUM_CONVERSION = YES;
				CLANG_WARN_INFINITE_RECURSION = YES;
				CLANG_WARN_INT_CONVERSION = YES;
				CLANG_WARN_NON_LITERAL_NULL_CONVERSION = YES;
				CLANG_WARN_OBJC_IMPLICIT_RETAIN_SELF = YES;
				CLANG_WARN_OBJC_LITERAL_CONVERSION = YES;
				CLANG_WARN_OBJC_ROOT_CLASS = YES_ERROR;
				CLANG_WARN_QUOTED_INCLUDE_IN_FRAMEWORK_HEADER = YES;
				CLANG_WARN_RANGE_LOOP_ANALYSIS = YES;
				CLANG_WARN_STRICT_PROTOTYPES = YES;
				CLANG_WARN_SUSPICIOUS_MOVE = YES;
				CLANG_WARN_UNGUARDED_AVAILABILITY = YES_AGGRESSIVE;
				CLANG_WARN_UNREACHABLE_CODE = YES;
				CLANG_WARN__DUPLICATE_METHOD_MATCH = YES;
				COPY_PHASE_STRIP = NO;
				DEBUG_INFORMATION_FORMAT = dwarf;
				ENABLE_STRICT_OBJC_MSGSEND = YES;
				ENABLE_TESTABILITY = YES;
				GCC_C_LANGUAGE_STANDARD = gnu11;
				GCC_DYNAMIC_NO_PIC = NO;
				GCC_NO_COMMON_BLOCKS = YES;
				GCC_OPTIMIZATION_LEVEL = 0;
				GCC_PREPROCESSOR_DEFINITIONS = (
					"DEBUG=1",
					"$(inherited)",
				);
				GCC_WARN_64_TO_32_BIT_CONVERSION = YES;
				GCC_WARN_ABOUT_RETURN_TYPE = YES_ERROR;
				GCC_WARN_UNDECLARED_SELECTOR = YES;
				GCC_WARN_UNINITIALIZED_AUTOS = YES_AGGRESSIVE;
				GCC_WARN_UNUSED_FUNCTION = YES;
				GCC_WARN_UNUSED_VARIABLE = YES;
				IPHONEOS_DEPLOYMENT_TARGET = 14.1;
				MTL_ENABLE_DEBUG_INFO = INCLUDE_SOURCE;
				MTL_FAST_MATH = YES;
				ONLY_ACTIVE_ARCH = YES;
				SDKROOT = iphoneos;
				SWIFT_ACTIVE_COMPILATION_CONDITIONS = DEBUG;
				SWIFT_OPTIMIZATION_LEVEL = "-Onone";
			};
			name = Debug;
		};
		347F0B092555A619005D60BC /* Release */ = {
			isa = XCBuildConfiguration;
			buildSettings = {
				ALWAYS_SEARCH_USER_PATHS = NO;
				CLANG_ANALYZER_NONNULL = YES;
				CLANG_ANALYZER_NUMBER_OBJECT_CONVERSION = YES_AGGRESSIVE;
				CLANG_CXX_LANGUAGE_STANDARD = "gnu++14";
				CLANG_CXX_LIBRARY = "libc++";
				CLANG_ENABLE_MODULES = YES;
				CLANG_ENABLE_OBJC_ARC = YES;
				CLANG_ENABLE_OBJC_WEAK = YES;
				CLANG_WARN_BLOCK_CAPTURE_AUTORELEASING = YES;
				CLANG_WARN_BOOL_CONVERSION = YES;
				CLANG_WARN_COMMA = YES;
				CLANG_WARN_CONSTANT_CONVERSION = YES;
				CLANG_WARN_DEPRECATED_OBJC_IMPLEMENTATIONS = YES;
				CLANG_WARN_DIRECT_OBJC_ISA_USAGE = YES_ERROR;
				CLANG_WARN_DOCUMENTATION_COMMENTS = YES;
				CLANG_WARN_EMPTY_BODY = YES;
				CLANG_WARN_ENUM_CONVERSION = YES;
				CLANG_WARN_INFINITE_RECURSION = YES;
				CLANG_WARN_INT_CONVERSION = YES;
				CLANG_WARN_NON_LITERAL_NULL_CONVERSION = YES;
				CLANG_WARN_OBJC_IMPLICIT_RETAIN_SELF = YES;
				CLANG_WARN_OBJC_LITERAL_CONVERSION = YES;
				CLANG_WARN_OBJC_ROOT_CLASS = YES_ERROR;
				CLANG_WARN_QUOTED_INCLUDE_IN_FRAMEWORK_HEADER = YES;
				CLANG_WARN_RANGE_LOOP_ANALYSIS = YES;
				CLANG_WARN_STRICT_PROTOTYPES = YES;
				CLANG_WARN_SUSPICIOUS_MOVE = YES;
				CLANG_WARN_UNGUARDED_AVAILABILITY = YES_AGGRESSIVE;
				CLANG_WARN_UNREACHABLE_CODE = YES;
				CLANG_WARN__DUPLICATE_METHOD_MATCH = YES;
				COPY_PHASE_STRIP = NO;
				DEBUG_INFORMATION_FORMAT = "dwarf-with-dsym";
				ENABLE_NS_ASSERTIONS = NO;
				ENABLE_STRICT_OBJC_MSGSEND = YES;
				GCC_C_LANGUAGE_STANDARD = gnu11;
				GCC_NO_COMMON_BLOCKS = YES;
				GCC_WARN_64_TO_32_BIT_CONVERSION = YES;
				GCC_WARN_ABOUT_RETURN_TYPE = YES_ERROR;
				GCC_WARN_UNDECLARED_SELECTOR = YES;
				GCC_WARN_UNINITIALIZED_AUTOS = YES_AGGRESSIVE;
				GCC_WARN_UNUSED_FUNCTION = YES;
				GCC_WARN_UNUSED_VARIABLE = YES;
				IPHONEOS_DEPLOYMENT_TARGET = 14.1;
				MTL_ENABLE_DEBUG_INFO = NO;
				MTL_FAST_MATH = YES;
				SDKROOT = iphoneos;
				SWIFT_COMPILATION_MODE = wholemodule;
				SWIFT_OPTIMIZATION_LEVEL = "-O";
				VALIDATE_PRODUCT = YES;
			};
			name = Release;
		};
		347F0B0B2555A619005D60BC /* Debug */ = {
			isa = XCBuildConfiguration;
			baseConfigurationReference = A8EEF2CB51FEB3345FCC7B74 /* Pods-HorizontalCollectionView.debug.xcconfig */;
			buildSettings = {
				ASSETCATALOG_COMPILER_APPICON_NAME = AppIcon;
				ASSETCATALOG_COMPILER_GLOBAL_ACCENT_COLOR_NAME = AccentColor;
				CODE_SIGN_STYLE = Automatic;
				DEVELOPMENT_TEAM = RQAE768Z9N;
				INFOPLIST_FILE = HorizontalCollectionView/Info.plist;
				LD_RUNPATH_SEARCH_PATHS = (
					"$(inherited)",
					"@executable_path/Frameworks",
				);
				PRODUCT_BUNDLE_IDENTIFIER = sheryl.HorizontalCollectionView;
				PRODUCT_NAME = "$(TARGET_NAME)";
				SWIFT_VERSION = 5.0;
				TARGETED_DEVICE_FAMILY = "1,2";
			};
			name = Debug;
		};
		347F0B0C2555A619005D60BC /* Release */ = {
			isa = XCBuildConfiguration;
			baseConfigurationReference = 307F1FF4CF1CFD2E5274F8E9 /* Pods-HorizontalCollectionView.release.xcconfig */;
			buildSettings = {
				ASSETCATALOG_COMPILER_APPICON_NAME = AppIcon;
				ASSETCATALOG_COMPILER_GLOBAL_ACCENT_COLOR_NAME = AccentColor;
				CODE_SIGN_STYLE = Automatic;
				DEVELOPMENT_TEAM = RQAE768Z9N;
				INFOPLIST_FILE = HorizontalCollectionView/Info.plist;
				LD_RUNPATH_SEARCH_PATHS = (
					"$(inherited)",
					"@executable_path/Frameworks",
				);
				PRODUCT_BUNDLE_IDENTIFIER = sheryl.HorizontalCollectionView;
				PRODUCT_NAME = "$(TARGET_NAME)";
				SWIFT_VERSION = 5.0;
				TARGETED_DEVICE_FAMILY = "1,2";
			};
			name = Release;
		};
		34D4CD55257B2DD40002F8B7 /* Debug */ = {
			isa = XCBuildConfiguration;
			buildSettings = {
				BUNDLE_LOADER = "$(TEST_HOST)";
				CODE_SIGN_STYLE = Automatic;
				DEVELOPMENT_TEAM = RQAE768Z9N;
				INFOPLIST_FILE = HorizontalCollectionViewTests/Info.plist;
				IPHONEOS_DEPLOYMENT_TARGET = 14.2;
				LD_RUNPATH_SEARCH_PATHS = (
					"$(inherited)",
					"@executable_path/Frameworks",
					"@loader_path/Frameworks",
				);
				PRODUCT_BUNDLE_IDENTIFIER = sheryl.HorizontalCollectionViewTests;
				PRODUCT_NAME = "$(TARGET_NAME)";
				SWIFT_VERSION = 5.0;
				TARGETED_DEVICE_FAMILY = "1,2";
				TEST_HOST = "$(BUILT_PRODUCTS_DIR)/HorizontalCollectionView.app/HorizontalCollectionView";
			};
			name = Debug;
		};
		34D4CD56257B2DD40002F8B7 /* Release */ = {
			isa = XCBuildConfiguration;
			buildSettings = {
				BUNDLE_LOADER = "$(TEST_HOST)";
				CODE_SIGN_STYLE = Automatic;
				DEVELOPMENT_TEAM = RQAE768Z9N;
				INFOPLIST_FILE = HorizontalCollectionViewTests/Info.plist;
				IPHONEOS_DEPLOYMENT_TARGET = 14.2;
				LD_RUNPATH_SEARCH_PATHS = (
					"$(inherited)",
					"@executable_path/Frameworks",
					"@loader_path/Frameworks",
				);
				PRODUCT_BUNDLE_IDENTIFIER = sheryl.HorizontalCollectionViewTests;
				PRODUCT_NAME = "$(TARGET_NAME)";
				SWIFT_VERSION = 5.0;
				TARGETED_DEVICE_FAMILY = "1,2";
				TEST_HOST = "$(BUILT_PRODUCTS_DIR)/HorizontalCollectionView.app/HorizontalCollectionView";
			};
			name = Release;
		};
/* End XCBuildConfiguration section */

/* Begin XCConfigurationList section */
		347F0ADB2555A617005D60BC /* Build configuration list for PBXProject "HorizontalCollectionView" */ = {
			isa = XCConfigurationList;
			buildConfigurations = (
				347F0B082555A619005D60BC /* Debug */,
				347F0B092555A619005D60BC /* Release */,
			);
			defaultConfigurationIsVisible = 0;
			defaultConfigurationName = Release;
		};
		347F0B0A2555A619005D60BC /* Build configuration list for PBXNativeTarget "HorizontalCollectionView" */ = {
			isa = XCConfigurationList;
			buildConfigurations = (
				347F0B0B2555A619005D60BC /* Debug */,
				347F0B0C2555A619005D60BC /* Release */,
			);
			defaultConfigurationIsVisible = 0;
			defaultConfigurationName = Release;
		};
		34D4CD54257B2DD40002F8B7 /* Build configuration list for PBXNativeTarget "HorizontalCollectionViewTests" */ = {
			isa = XCConfigurationList;
			buildConfigurations = (
				34D4CD55257B2DD40002F8B7 /* Debug */,
				34D4CD56257B2DD40002F8B7 /* Release */,
			);
			defaultConfigurationIsVisible = 0;
			defaultConfigurationName = Release;
		};
/* End XCConfigurationList section */
	};
	rootObject = 347F0AD82555A617005D60BC /* Project object */;
}
